<?xml version="1.0" encoding="utf-8"?>
<Project ToolsVersion="Current" xmlns="http://schemas.microsoft.com/developer/msbuild/2003">
  <ItemGroup>
    <Filter Include="common">
      <UniqueIdentifier>{01b1eff1-3a52-44bf-aff6-8b7810dc78cd}</UniqueIdentifier>
    </Filter>
    <Filter Include="service">
      <UniqueIdentifier>{f3f20422-e42f-46ed-ac17-11d77cf76c34}</UniqueIdentifier>
    </Filter>
    <Filter Include="network">
      <UniqueIdentifier>{31a90ca0-9c88-4e0d-a08f-4c2f2b4c9bc9}</UniqueIdentifier>
    </Filter>
    <Filter Include="server">
      <UniqueIdentifier>{0379c0c2-6847-4fbf-825c-7ee7f83048c5}</UniqueIdentifier>
    </Filter>
  </ItemGroup>
  <ItemGroup>
    <ClCompile Include="..\src\common\keycodes_hashtable.cpp">
      <Filter>common</Filter>
    </ClCompile>
    <ClCompile Include="..\src\common\log.cpp">
      <Filter>common</Filter>
    </ClCompile>
    <ClCompile Include="..\src\common\log_scope.cpp">
      <Filter>common</Filter>
    </ClCompile>
    <ClCompile Include="..\src\server\Main.cpp">
      <Filter>server</Filter>
    </ClCompile>
    <ClCompile Include="..\src\server\shell_server.cpp">
      <Filter>server</Filter>
    </ClCompile>
    <ClCompile Include="..\src\server\stdafx.cpp">
      <Filter>server</Filter>
    </ClCompile>
    <ClCompile Include="..\src\server\telnetd.cpp">
      <Filter>server</Filter>
    </ClCompile>
    <ClCompile Include="..\src\server\win32.cpp">
      <Filter>server</Filter>
    </ClCompile>
    <ClCompile Include="..\src\common\cdll.cpp">
      <Filter>common</Filter>
    </ClCompile>
    <ClCompile Include="..\src\common\cmdline.cpp">
      <Filter>common</Filter>
    </ClCompile>
    <ClCompile Include="..\src\common\config.cpp">
      <Filter>common</Filter>
    </ClCompile>
    <ClCompile Include="..\src\common\critsec.cpp">
      <Filter>common</Filter>
    </ClCompile>
    <ClCompile Include="..\src\common\cthread.cpp">
      <Filter>common</Filter>
    </ClCompile>
    <ClCompile Include="..\src\common\handle_wrappers.cpp">
      <Filter>common</Filter>
    </ClCompile>
    <ClCompile Include="..\src\common\windows-api-ex.cpp">
      <Filter>common</Filter>
    </ClCompile>
    <ClCompile Include="..\src\server\service\BaseService.cpp">
      <Filter>service</Filter>
    </ClCompile>
    <ClCompile Include="..\src\server\service\ServerService.cpp">
      <Filter>service</Filter>
    </ClCompile>
    <ClCompile Include="..\src\common\targetver.cpp">
      <Filter>common</Filter>
    </ClCompile>
  </ItemGroup>
  <ItemGroup>
    <None Include="..\src\common\keycodes_hashtable.tmp">
      <Filter>common</Filter>
    </None>
  </ItemGroup>
  <ItemGroup>
    <ClInclude Include="..\src\common\custom_assert.h">
      <Filter>common</Filter>
    </ClInclude>
    <ClInclude Include="..\src\common\hashtable.h">
      <Filter>common</Filter>
    </ClInclude>
    <ClInclude Include="..\src\common\keycodes_hashtable.h">
      <Filter>common</Filter>
    </ClInclude>
    <ClInclude Include="..\src\common\log.h">
      <Filter>common</Filter>
    </ClInclude>
    <ClInclude Include="..\src\common\log_scope.h">
      <Filter>common</Filter>
    </ClInclude>
    <ClInclude Include="..\src\common\macros.h">
      <Filter>common</Filter>
    </ClInclude>
    <ClInclude Include="..\src\common\myexception.h">
      <Filter>common</Filter>
    </ClInclude>
    <ClInclude Include="..\src\common\nowarns.h">
      <Filter>common</Filter>
    </ClInclude>
    <ClInclude Include="..\src\server\shell_server.h">
      <Filter>server</Filter>
    </ClInclude>
    <ClInclude Include="..\src\server\stdafx.h">
      <Filter>server</Filter>
    </ClInclude>
    <ClInclude Include="..\src\server\win32.h">
      <Filter>server</Filter>
    </ClInclude>
    <ClInclude Include="..\src\common\cdll.h">
      <Filter>common</Filter>
    </ClInclude>
    <ClInclude Include="..\src\common\cmdline.h">
      <Filter>common</Filter>
    </ClInclude>
    <ClInclude Include="..\src\common\config.h">
      <Filter>common</Filter>
    </ClInclude>
    <ClInclude Include="..\src\common\critsec.h">
      <Filter>common</Filter>
    </ClInclude>
    <ClInclude Include="..\src\common\cthread.h">
      <Filter>common</Filter>
    </ClInclude>
    <ClInclude Include="..\src\common\handle_wrappers.h">
      <Filter>common</Filter>
    </ClInclude>
    <ClInclude Include="..\src\common\windows-api-ex.h">
      <Filter>common</Filter>
    </ClInclude>
    <ClInclude Include="..\src\common\utilities.h">
      <Filter>common</Filter>
    </ClInclude>
    <ClInclude Include="..\src\common\compilation_settings.h">
      <Filter>common</Filter>
    </ClInclude>
    <ClInclude Include="..\src\server\service\BaseService.h">
      <Filter>service</Filter>
    </ClInclude>
    <ClInclude Include="..\src\server\service\BaseServiceEventLogMsg.h">
      <Filter>service</Filter>
    </ClInclude>
    <ClInclude Include="..\src\server\service\ServerService.h">
      <Filter>service</Filter>
    </ClInclude>
    <ClInclude Include="..\src\common\enum_to_string.h">
      <Filter>common</Filter>
    </ClInclude>
    <ClInclude Include="..\src\server\service\service_types.h">
      <Filter>service</Filter>
    </ClInclude>
    <ClInclude Include="..\src\common\targetver.h">
      <Filter>common</Filter>
    </ClInclude>
  </ItemGroup>
</Project>